
Microsoft Visual Studio Solution File, Format Version 12.00
# Visual Studio Version 17
VisualStudioVersion = 17.14.36908.2 d17.14
MinimumVisualStudioVersion = 10.0.40219.1
Project("{888888A0-9F3D-457C-B088-3A5042F75D52}") = "Assignment15XML", "Assignment15XML.pyproj", "{DCAE86D0-1375-4421-B326-8AEA24EA1F68}"
EndProject
Global
	GlobalSection(SolutionConfigurationPlatforms) = preSolution
		Debug|Any CPU = Debug|Any CPU
		Release|Any CPU = Release|Any CPU
	EndGlobalSection
	GlobalSection(ProjectConfigurationPlatforms) = postSolution
		{DCAE86D0-1375-4421-B326-8AEA24EA1F68}.Debug|Any CPU.ActiveCfg = Debug|Any CPU
		{DCAE86D0-1375-4421-B326-8AEA24EA1F68}.Release|Any CPU.ActiveCfg = Release|Any CPU
	EndGlobalSection
	GlobalSection(SolutionProperties) = preSolution
		HideSolutionNode = FALSE
	EndGlobalSection
	GlobalSection(ExtensibilityGlobals) = postSolution
		SolutionGuid = {979ACA23-0545-40C3-9E4B-1F285F85FE6B}
	EndGlobalSection
EndGlobal
