
Microsoft Visual Studio Solution File, Format Version 12.00
# Visual Studio Version 17
VisualStudioVersion = 17.14.36915.13 d17.14
MinimumVisualStudioVersion = 10.0.40219.1
Project("{888888A0-9F3D-457C-B088-3A5042F75D52}") = "BMIProgramPython", "BMIProgramPython.pyproj", "{84713413-6D32-4DF9-AC77-80C7A27550E8}"
EndProject
Global
	GlobalSection(SolutionConfigurationPlatforms) = preSolution
		Debug|Any CPU = Debug|Any CPU
		Release|Any CPU = Release|Any CPU
	EndGlobalSection
	GlobalSection(ProjectConfigurationPlatforms) = postSolution
		{84713413-6D32-4DF9-AC77-80C7A27550E8}.Debug|Any CPU.ActiveCfg = Debug|Any CPU
		{84713413-6D32-4DF9-AC77-80C7A27550E8}.Release|Any CPU.ActiveCfg = Release|Any CPU
	EndGlobalSection
	GlobalSection(SolutionProperties) = preSolution
		HideSolutionNode = FALSE
	EndGlobalSection
	GlobalSection(ExtensibilityGlobals) = postSolution
		SolutionGuid = {27044F4C-7FB4-4CB0-BFDF-D6C15613806E}
	EndGlobalSection
EndGlobal
